
Microsoft Visual Studio Solution File, Format Version 12.00
# Visual Studio Version 16
VisualStudioVersion = 16.0.31729.503
MinimumVisualStudioVersion = 10.0.40219.1
Project("{FAE04EC0-301F-11D3-BF4B-00C04F79EFBC}") = "Cocomo Modeli", "Cocomo Modeli\Cocomo Modeli.csproj", "{722AEF63-C691-4867-8D23-41DF39765911}"
EndProject
Global
	GlobalSection(SolutionConfigurationPlatforms) = preSolution
		Debug|Any CPU = Debug|Any CPU
		Release|Any CPU = Release|Any CPU
	EndGlobalSection
	GlobalSection(ProjectConfigurationPlatforms) = postSolution
		{722AEF63-C691-4867-8D23-41DF39765911}.Debug|Any CPU.ActiveCfg = Debug|Any CPU
		{722AEF63-C691-4867-8D23-41DF39765911}.Debug|Any CPU.Build.0 = Debug|Any CPU
		{722AEF63-C691-4867-8D23-41DF39765911}.Release|Any CPU.ActiveCfg = Release|Any CPU
		{722AEF63-C691-4867-8D23-41DF39765911}.Release|Any CPU.Build.0 = Release|Any CPU
	EndGlobalSection
	GlobalSection(SolutionProperties) = preSolution
		HideSolutionNode = FALSE
	EndGlobalSection
	GlobalSection(ExtensibilityGlobals) = postSolution
		SolutionGuid = {F7CB4AAC-F786-4A49-8F45-FE44945E349B}
	EndGlobalSection
EndGlobal
